// !$*UTF8*$!
{
	archiveVersion = 1;
	classes = {
	};
	objectVersion = 51;
	objects = {

/* Begin PBXBuildFile section */
		652619CF239E3E2200CC9FC1 /* AppDelegate.swift in Sources */ = {isa = PBXBuildFile; fileRef = 652619CE239E3E2200CC9FC1 /* AppDelegate.swift */; };
		652619D3239E3E2200CC9FC1 /* CarListView.swift in Sources */ = {isa = PBXBuildFile; fileRef = 652619D2239E3E2200CC9FC1 /* CarListView.swift */; };
		652619D6239E3E2200CC9FC1 /* Main.storyboard in Resources */ = {isa = PBXBuildFile; fileRef = 652619D4239E3E2200CC9FC1 /* Main.storyboard */; };
		652619D8239E3E2700CC9FC1 /* Assets.xcassets in Resources */ = {isa = PBXBuildFile; fileRef = 652619D7239E3E2700CC9FC1 /* Assets.xcassets */; };
		652619DB239E3E2700CC9FC1 /* LaunchScreen.storyboard in Resources */ = {isa = PBXBuildFile; fileRef = 652619D9239E3E2700CC9FC1 /* LaunchScreen.storyboard */; };
		652619F5239E409C00CC9FC1 /* CarListViewModel.swift in Sources */ = {isa = PBXBuildFile; fileRef = 652619F4239E409C00CC9FC1 /* CarListViewModel.swift */; };
		652619F7239E40B200CC9FC1 /* CarListModel.swift in Sources */ = {isa = PBXBuildFile; fileRef = 652619F6239E40B200CC9FC1 /* CarListModel.swift */; };
		652619FB239E413C00CC9FC1 /* CarMapView.swift in Sources */ = {isa = PBXBuildFile; fileRef = 652619FA239E413C00CC9FC1 /* CarMapView.swift */; };
		652619FD239E414D00CC9FC1 /* CarMapViewModel.swift in Sources */ = {isa = PBXBuildFile; fileRef = 652619FC239E414D00CC9FC1 /* CarMapViewModel.swift */; };
		65261A01239E418B00CC9FC1 /* APIServices.swift in Sources */ = {isa = PBXBuildFile; fileRef = 65261A00239E418B00CC9FC1 /* APIServices.swift */; };
		65261A03239E41C300CC9FC1 /* Podfile in Resources */ = {isa = PBXBuildFile; fileRef = 65261A02239E41C200CC9FC1 /* Podfile */; };
		65261A09239E43C600CC9FC1 /* Constants.swift in Sources */ = {isa = PBXBuildFile; fileRef = 65261A08239E43C600CC9FC1 /* Constants.swift */; };
		65261A0B23A39F8200CC9FC1 /* CarListCell.swift in Sources */ = {isa = PBXBuildFile; fileRef = 65261A0A23A39F8200CC9FC1 /* CarListCell.swift */; };
		65261A0D23A3EF4200CC9FC1 /* Enums.swift in Sources */ = {isa = PBXBuildFile; fileRef = 65261A0C23A3EF4200CC9FC1 /* Enums.swift */; };
		65261A1123A3F9A000CC9FC1 /* RxExtensions.swift in Sources */ = {isa = PBXBuildFile; fileRef = 65261A1023A3F9A000CC9FC1 /* RxExtensions.swift */; };
		65261A1323A4EE1B00CC9FC1 /* SceneDelegate.swift in Sources */ = {isa = PBXBuildFile; fileRef = 65261A1223A4EE1B00CC9FC1 /* SceneDelegate.swift */; };
		65261A1523A6BAB000CC9FC1 /* CarMapModel.swift in Sources */ = {isa = PBXBuildFile; fileRef = 65261A1423A6BAB000CC9FC1 /* CarMapModel.swift */; };
		65261A1723A6C9F000CC9FC1 /* Extensions.swift in Sources */ = {isa = PBXBuildFile; fileRef = 65261A1623A6C9F000CC9FC1 /* Extensions.swift */; };
		65261A1923A76F0F00CC9FC1 /* CarListViewModelTest.swift in Sources */ = {isa = PBXBuildFile; fileRef = 65261A1823A76F0F00CC9FC1 /* CarListViewModelTest.swift */; };
		65261A1D23A7716900CC9FC1 /* Location.txt in Resources */ = {isa = PBXBuildFile; fileRef = 65261A1C23A7716900CC9FC1 /* Location.txt */; };
		65261A1F23A77D5C00CC9FC1 /* CarMapViewModelTest.swift in Sources */ = {isa = PBXBuildFile; fileRef = 65261A1E23A77D5C00CC9FC1 /* CarMapViewModelTest.swift */; };
		A364CAE781F18B2EED824D52 /* Pods_MVVMRXSwift.framework in Frameworks */ = {isa = PBXBuildFile; fileRef = FB610FC189BF16623A518097 /* Pods_MVVMRXSwift.framework */; };
		F9EE8096C90701A84DCE5452 /* Pods_MVVMRXSwiftTests.framework in Frameworks */ = {isa = PBXBuildFile; fileRef = D0054041A13FD70F18066F50 /* Pods_MVVMRXSwiftTests.framework */; };
/* End PBXBuildFile section */

/* Begin PBXContainerItemProxy section */
		652619E2239E3E2700CC9FC1 /* PBXContainerItemProxy */ = {
			isa = PBXContainerItemProxy;
			containerPortal = 652619C3239E3E2200CC9FC1 /* Project object */;
			proxyType = 1;
			remoteGlobalIDString = 652619CA239E3E2200CC9FC1;
			remoteInfo = MVVMRXSwift;
		};
/* End PBXContainerItemProxy section */

/* Begin PBXFileReference section */
		2834C2F99BE1F8A8D6F801D5 /* Pods-MVVMRXSwiftTests.release.xcconfig */ = {isa = PBXFileReference; includeInIndex = 1; lastKnownFileType = text.xcconfig; name = "Pods-MVVMRXSwiftTests.release.xcconfig"; path = "Target Support Files/Pods-MVVMRXSwiftTests/Pods-MVVMRXSwiftTests.release.xcconfig"; sourceTree = "<group>"; };
		5A307C310E8AD35F39ED56D4 /* Pods-MVVMRXSwiftTests.debug.xcconfig */ = {isa = PBXFileReference; includeInIndex = 1; lastKnownFileType = text.xcconfig; name = "Pods-MVVMRXSwiftTests.debug.xcconfig"; path = "Target Support Files/Pods-MVVMRXSwiftTests/Pods-MVVMRXSwiftTests.debug.xcconfig"; sourceTree = "<group>"; };
		61BBF665F2B0612C573726CE /* Pods-MVVMRXSwift.release.xcconfig */ = {isa = PBXFileReference; includeInIndex = 1; lastKnownFileType = text.xcconfig; name = "Pods-MVVMRXSwift.release.xcconfig"; path = "Target Support Files/Pods-MVVMRXSwift/Pods-MVVMRXSwift.release.xcconfig"; sourceTree = "<group>"; };
		652619CB239E3E2200CC9FC1 /* MVVMRXSwift.app */ = {isa = PBXFileReference; explicitFileType = wrapper.application; includeInIndex = 0; path = MVVMRXSwift.app; sourceTree = BUILT_PRODUCTS_DIR; };
		652619CE239E3E2200CC9FC1 /* AppDelegate.swift */ = {isa = PBXFileReference; lastKnownFileType = sourcecode.swift; path = AppDelegate.swift; sourceTree = "<group>"; };
		652619D2239E3E2200CC9FC1 /* CarListView.swift */ = {isa = PBXFileReference; lastKnownFileType = sourcecode.swift; path = CarListView.swift; sourceTree = "<group>"; };
		652619D5239E3E2200CC9FC1 /* Base */ = {isa = PBXFileReference; lastKnownFileType = file.storyboard; name = Base; path = Base.lproj/Main.storyboard; sourceTree = "<group>"; };
		652619D7239E3E2700CC9FC1 /* Assets.xcassets */ = {isa = PBXFileReference; lastKnownFileType = folder.assetcatalog; path = Assets.xcassets; sourceTree = "<group>"; };
		652619DA239E3E2700CC9FC1 /* Base */ = {isa = PBXFileReference; lastKnownFileType = file.storyboard; name = Base; path = Base.lproj/LaunchScreen.storyboard; sourceTree = "<group>"; };
		652619DC239E3E2700CC9FC1 /* Info.plist */ = {isa = PBXFileReference; lastKnownFileType = text.plist.xml; path = Info.plist; sourceTree = "<group>"; };
		652619E1239E3E2700CC9FC1 /* MVVMRXSwiftTests.xctest */ = {isa = PBXFileReference; explicitFileType = wrapper.cfbundle; includeInIndex = 0; path = MVVMRXSwiftTests.xctest; sourceTree = BUILT_PRODUCTS_DIR; };
		652619E7239E3E2700CC9FC1 /* Info.plist */ = {isa = PBXFileReference; lastKnownFileType = text.plist.xml; path = Info.plist; sourceTree = "<group>"; };
		652619F4239E409C00CC9FC1 /* CarListViewModel.swift */ = {isa = PBXFileReference; lastKnownFileType = sourcecode.swift; path = CarListViewModel.swift; sourceTree = "<group>"; };
		652619F6239E40B200CC9FC1 /* CarListModel.swift */ = {isa = PBXFileReference; lastKnownFileType = sourcecode.swift; path = CarListModel.swift; sourceTree = "<group>"; };
		652619FA239E413C00CC9FC1 /* CarMapView.swift */ = {isa = PBXFileReference; lastKnownFileType = sourcecode.swift; path = CarMapView.swift; sourceTree = "<group>"; };
		652619FC239E414D00CC9FC1 /* CarMapViewModel.swift */ = {isa = PBXFileReference; lastKnownFileType = sourcecode.swift; path = CarMapViewModel.swift; sourceTree = "<group>"; };
		65261A00239E418B00CC9FC1 /* APIServices.swift */ = {isa = PBXFileReference; lastKnownFileType = sourcecode.swift; path = APIServices.swift; sourceTree = "<group>"; };
		65261A02239E41C200CC9FC1 /* Podfile */ = {isa = PBXFileReference; fileEncoding = 4; lastKnownFileType = text; path = Podfile; sourceTree = "<group>"; xcLanguageSpecificationIdentifier = xcode.lang.ruby; };
		65261A08239E43C600CC9FC1 /* Constants.swift */ = {isa = PBXFileReference; lastKnownFileType = sourcecode.swift; lineEnding = 0; path = Constants.swift; sourceTree = "<group>"; tabWidth = 5; usesTabs = 0; };
		65261A0A23A39F8200CC9FC1 /* CarListCell.swift */ = {isa = PBXFileReference; lastKnownFileType = sourcecode.swift; path = CarListCell.swift; sourceTree = "<group>"; };
		65261A0C23A3EF4200CC9FC1 /* Enums.swift */ = {isa = PBXFileReference; lastKnownFileType = sourcecode.swift; path = Enums.swift; sourceTree = "<group>"; };
		65261A1023A3F9A000CC9FC1 /* RxExtensions.swift */ = {isa = PBXFileReference; lastKnownFileType = sourcecode.swift; path = RxExtensions.swift; sourceTree = "<group>"; };
		65261A1223A4EE1B00CC9FC1 /* SceneDelegate.swift */ = {isa = PBXFileReference; fileEncoding = 4; lastKnownFileType = sourcecode.swift; path = SceneDelegate.swift; sourceTree = "<group>"; };
		65261A1423A6BAB000CC9FC1 /* CarMapModel.swift */ = {isa = PBXFileReference; lastKnownFileType = sourcecode.swift; path = CarMapModel.swift; sourceTree = "<group>"; };
		65261A1623A6C9F000CC9FC1 /* Extensions.swift */ = {isa = PBXFileReference; lastKnownFileType = sourcecode.swift; path = Extensions.swift; sourceTree = "<group>"; };
		65261A1823A76F0F00CC9FC1 /* CarListViewModelTest.swift */ = {isa = PBXFileReference; lastKnownFileType = sourcecode.swift; path = CarListViewModelTest.swift; sourceTree = "<group>"; };
		65261A1C23A7716900CC9FC1 /* Location.txt */ = {isa = PBXFileReference; fileEncoding = 4; lastKnownFileType = text; path = Location.txt; sourceTree = "<group>"; };
		65261A1E23A77D5C00CC9FC1 /* CarMapViewModelTest.swift */ = {isa = PBXFileReference; lastKnownFileType = sourcecode.swift; path = CarMapViewModelTest.swift; sourceTree = "<group>"; };
		682663ADEFDA21E1EEA72238 /* Pods-MVVMRXSwiftTests.debug.xcconfig */ = {isa = PBXFileReference; includeInIndex = 1; lastKnownFileType = text.xcconfig; name = "Pods-MVVMRXSwiftTests.debug.xcconfig"; path = "Target Support Files/Pods-MVVMRXSwiftTests/Pods-MVVMRXSwiftTests.debug.xcconfig"; sourceTree = "<group>"; };
		9B745920AA774D46FBFA7B7B /* Pods-MVVMRXSwift.debug.xcconfig */ = {isa = PBXFileReference; includeInIndex = 1; lastKnownFileType = text.xcconfig; name = "Pods-MVVMRXSwift.debug.xcconfig"; path = "Target Support Files/Pods-MVVMRXSwift/Pods-MVVMRXSwift.debug.xcconfig"; sourceTree = "<group>"; };
		D0054041A13FD70F18066F50 /* Pods_MVVMRXSwiftTests.framework */ = {isa = PBXFileReference; explicitFileType = wrapper.framework; includeInIndex = 0; path = Pods_MVVMRXSwiftTests.framework; sourceTree = BUILT_PRODUCTS_DIR; };
		DD2EE1505066B3BAAC4487B9 /* Pods-MVVMRXSwiftTests.release.xcconfig */ = {isa = PBXFileReference; includeInIndex = 1; lastKnownFileType = text.xcconfig; name = "Pods-MVVMRXSwiftTests.release.xcconfig"; path = "Target Support Files/Pods-MVVMRXSwiftTests/Pods-MVVMRXSwiftTests.release.xcconfig"; sourceTree = "<group>"; };
		FB610FC189BF16623A518097 /* Pods_MVVMRXSwift.framework */ = {isa = PBXFileReference; explicitFileType = wrapper.framework; includeInIndex = 0; path = Pods_MVVMRXSwift.framework; sourceTree = BUILT_PRODUCTS_DIR; };
		FC364DAC02C2500B83ACB31A /* Pods-MVVMRXSwift.release.xcconfig */ = {isa = PBXFileReference; includeInIndex = 1; lastKnownFileType = text.xcconfig; name = "Pods-MVVMRXSwift.release.xcconfig"; path = "Target Support Files/Pods-MVVMRXSwift/Pods-MVVMRXSwift.release.xcconfig"; sourceTree = "<group>"; };
		FFF0493102951C1ECB2191E0 /* Pods-MVVMRXSwift.debug.xcconfig */ = {isa = PBXFileReference; includeInIndex = 1; lastKnownFileType = text.xcconfig; name = "Pods-MVVMRXSwift.debug.xcconfig"; path = "Target Support Files/Pods-MVVMRXSwift/Pods-MVVMRXSwift.debug.xcconfig"; sourceTree = "<group>"; };
/* End PBXFileReference section */

/* Begin PBXFrameworksBuildPhase section */
		652619C8239E3E2200CC9FC1 /* Frameworks */ = {
			isa = PBXFrameworksBuildPhase;
			buildActionMask = 2147483647;
			files = (
				A364CAE781F18B2EED824D52 /* Pods_MVVMRXSwift.framework in Frameworks */,
			);
			runOnlyForDeploymentPostprocessing = 0;
		};
		652619DE239E3E2700CC9FC1 /* Frameworks */ = {
			isa = PBXFrameworksBuildPhase;
			buildActionMask = 2147483647;
			files = (
				F9EE8096C90701A84DCE5452 /* Pods_MVVMRXSwiftTests.framework in Frameworks */,
			);
			runOnlyForDeploymentPostprocessing = 0;
		};
/* End PBXFrameworksBuildPhase section */

/* Begin PBXGroup section */
		46980062EBBA60ACAF830ABB /* Frameworks */ = {
			isa = PBXGroup;
			children = (
				FB610FC189BF16623A518097 /* Pods_MVVMRXSwift.framework */,
				D0054041A13FD70F18066F50 /* Pods_MVVMRXSwiftTests.framework */,
			);
			name = Frameworks;
			sourceTree = "<group>";
		};
		652619C2239E3E2200CC9FC1 = {
			isa = PBXGroup;
			children = (
				65261A02239E41C200CC9FC1 /* Podfile */,
				652619CD239E3E2200CC9FC1 /* MVVMRXSwift */,
				652619E4239E3E2700CC9FC1 /* MVVMRXSwiftTests */,
				652619CC239E3E2200CC9FC1 /* Products */,
				D450F6F497F4F8E916F748D4 /* Pods */,
				46980062EBBA60ACAF830ABB /* Frameworks */,
			);
			sourceTree = "<group>";
		};
		652619CC239E3E2200CC9FC1 /* Products */ = {
			isa = PBXGroup;
			children = (
				652619CB239E3E2200CC9FC1 /* MVVMRXSwift.app */,
				652619E1239E3E2700CC9FC1 /* MVVMRXSwiftTests.xctest */,
			);
			name = Products;
			sourceTree = "<group>";
		};
		652619CD239E3E2200CC9FC1 /* MVVMRXSwift */ = {
			isa = PBXGroup;
			children = (
				65261A07239E43B600CC9FC1 /* Utility */,
				65261A06239E428200CC9FC1 /* Models */,
				65261A05239E427A00CC9FC1 /* ViewModels */,
				65261A04239E426F00CC9FC1 /* Views */,
				652619F2239E401000CC9FC1 /* Services */,
				652619CE239E3E2200CC9FC1 /* AppDelegate.swift */,
				65261A1223A4EE1B00CC9FC1 /* SceneDelegate.swift */,
				652619D4239E3E2200CC9FC1 /* Main.storyboard */,
				652619D7239E3E2700CC9FC1 /* Assets.xcassets */,
				652619D9239E3E2700CC9FC1 /* LaunchScreen.storyboard */,
				652619DC239E3E2700CC9FC1 /* Info.plist */,
			);
			path = MVVMRXSwift;
			sourceTree = "<group>";
		};
		652619E4239E3E2700CC9FC1 /* MVVMRXSwiftTests */ = {
			isa = PBXGroup;
			children = (
				65261A1C23A7716900CC9FC1 /* Location.txt */,
				652619E7239E3E2700CC9FC1 /* Info.plist */,
				65261A1823A76F0F00CC9FC1 /* CarListViewModelTest.swift */,
				65261A1E23A77D5C00CC9FC1 /* CarMapViewModelTest.swift */,
			);
			path = MVVMRXSwiftTests;
			sourceTree = "<group>";
		};
		652619F2239E401000CC9FC1 /* Services */ = {
			isa = PBXGroup;
			children = (
				65261A00239E418B00CC9FC1 /* APIServices.swift */,
			);
			path = Services;
			sourceTree = "<group>";
		};
		65261A04239E426F00CC9FC1 /* Views */ = {
			isa = PBXGroup;
			children = (
				652619D2239E3E2200CC9FC1 /* CarListView.swift */,
				652619FA239E413C00CC9FC1 /* CarMapView.swift */,
				65261A0A23A39F8200CC9FC1 /* CarListCell.swift */,
			);
			path = Views;
			sourceTree = "<group>";
		};
		65261A05239E427A00CC9FC1 /* ViewModels */ = {
			isa = PBXGroup;
			children = (
				652619F4239E409C00CC9FC1 /* CarListViewModel.swift */,
				652619FC239E414D00CC9FC1 /* CarMapViewModel.swift */,
			);
			path = ViewModels;
			sourceTree = "<group>";
		};
		65261A06239E428200CC9FC1 /* Models */ = {
			isa = PBXGroup;
			children = (
				652619F6239E40B200CC9FC1 /* CarListModel.swift */,
				65261A1423A6BAB000CC9FC1 /* CarMapModel.swift */,
			);
			path = Models;
			sourceTree = "<group>";
		};
		65261A07239E43B600CC9FC1 /* Utility */ = {
			isa = PBXGroup;
			children = (
				65261A08239E43C600CC9FC1 /* Constants.swift */,
				65261A0C23A3EF4200CC9FC1 /* Enums.swift */,
				65261A1023A3F9A000CC9FC1 /* RxExtensions.swift */,
				65261A1623A6C9F000CC9FC1 /* Extensions.swift */,
			);
			path = Utility;
			sourceTree = "<group>";
		};
		D450F6F497F4F8E916F748D4 /* Pods */ = {
			isa = PBXGroup;
			children = (
				9B745920AA774D46FBFA7B7B /* Pods-MVVMRXSwift.debug.xcconfig */,
				61BBF665F2B0612C573726CE /* Pods-MVVMRXSwift.release.xcconfig */,
				682663ADEFDA21E1EEA72238 /* Pods-MVVMRXSwiftTests.debug.xcconfig */,
				2834C2F99BE1F8A8D6F801D5 /* Pods-MVVMRXSwiftTests.release.xcconfig */,
				FFF0493102951C1ECB2191E0 /* Pods-MVVMRXSwift.debug.xcconfig */,
				FC364DAC02C2500B83ACB31A /* Pods-MVVMRXSwift.release.xcconfig */,
				5A307C310E8AD35F39ED56D4 /* Pods-MVVMRXSwiftTests.debug.xcconfig */,
				DD2EE1505066B3BAAC4487B9 /* Pods-MVVMRXSwiftTests.release.xcconfig */,
			);
			path = Pods;
			sourceTree = "<group>";
		};
/* End PBXGroup section */

/* Begin PBXNativeTarget section */
		652619CA239E3E2200CC9FC1 /* MVVMRXSwift */ = {
			isa = PBXNativeTarget;
			buildConfigurationList = 652619EA239E3E2700CC9FC1 /* Build configuration list for PBXNativeTarget "MVVMRXSwift" */;
			buildPhases = (
				7DC2417D7221F8AAA27B981D /* [CP] Check Pods Manifest.lock */,
				652619C7239E3E2200CC9FC1 /* Sources */,
				652619C8239E3E2200CC9FC1 /* Frameworks */,
				652619C9239E3E2200CC9FC1 /* Resources */,
				7A4BCE7E0F6C3B3AC5CB3B9C /* [CP] Embed Pods Frameworks */,
			);
			buildRules = (
			);
			dependencies = (
			);
			name = MVVMRXSwift;
			productName = MVVMRXSwift;
			productReference = 652619CB239E3E2200CC9FC1 /* MVVMRXSwift.app */;
			productType = "com.apple.product-type.application";
		};
		652619E0239E3E2700CC9FC1 /* MVVMRXSwiftTests */ = {
			isa = PBXNativeTarget;
			buildConfigurationList = 652619ED239E3E2700CC9FC1 /* Build configuration list for PBXNativeTarget "MVVMRXSwiftTests" */;
			buildPhases = (
				C11A93E6B8CCB99C25E3164E /* [CP] Check Pods Manifest.lock */,
				652619DD239E3E2700CC9FC1 /* Sources */,
				652619DE239E3E2700CC9FC1 /* Frameworks */,
				652619DF239E3E2700CC9FC1 /* Resources */,
				BC27CB67482F5D6E2DFDD73B /* [CP] Embed Pods Frameworks */,
			);
			buildRules = (
			);
			dependencies = (
				652619E3239E3E2700CC9FC1 /* PBXTargetDependency */,
			);
			name = MVVMRXSwiftTests;
			productName = MVVMRXSwiftTests;
			productReference = 652619E1239E3E2700CC9FC1 /* MVVMRXSwiftTests.xctest */;
			productType = "com.apple.product-type.bundle.unit-test";
		};
/* End PBXNativeTarget section */

/* Begin PBXProject section */
		652619C3239E3E2200CC9FC1 /* Project object */ = {
			isa = PBXProject;
			attributes = {
				LastSwiftUpdateCheck = 1100;
				LastUpgradeCheck = 1100;
				ORGANIZATIONNAME = Wunder;
				TargetAttributes = {
					652619CA239E3E2200CC9FC1 = {
						CreatedOnToolsVersion = 11.0;
					};
					652619E0239E3E2700CC9FC1 = {
						CreatedOnToolsVersion = 11.0;
						TestTargetID = 652619CA239E3E2200CC9FC1;
					};
				};
			};
			buildConfigurationList = 652619C6239E3E2200CC9FC1 /* Build configuration list for PBXProject "MVVMRXSwift" */;
			compatibilityVersion = "Xcode 9.3";
			developmentRegion = en;
			hasScannedForEncodings = 0;
			knownRegions = (
				en,
				Base,
			);
			mainGroup = 652619C2239E3E2200CC9FC1;
			productRefGroup = 652619CC239E3E2200CC9FC1 /* Products */;
			projectDirPath = "";
			projectRoot = "";
			targets = (
				652619CA239E3E2200CC9FC1 /* MVVMRXSwift */,
				652619E0239E3E2700CC9FC1 /* MVVMRXSwiftTests */,
			);
		};
/* End PBXProject section */

/* Begin PBXResourcesBuildPhase section */
		652619C9239E3E2200CC9FC1 /* Resources */ = {
			isa = PBXResourcesBuildPhase;
			buildActionMask = 2147483647;
			files = (
				652619DB239E3E2700CC9FC1 /* LaunchScreen.storyboard in Resources */,
				652619D8239E3E2700CC9FC1 /* Assets.xcassets in Resources */,
				65261A03239E41C300CC9FC1 /* Podfile in Resources */,
				652619D6239E3E2200CC9FC1 /* Main.storyboard in Resources */,
			);
			runOnlyForDeploymentPostprocessing = 0;
		};
		652619DF239E3E2700CC9FC1 /* Resources */ = {
			isa = PBXResourcesBuildPhase;
			buildActionMask = 2147483647;
			files = (
				65261A1D23A7716900CC9FC1 /* Location.txt in Resources */,
			);
			runOnlyForDeploymentPostprocessing = 0;
		};
/* End PBXResourcesBuildPhase section */

/* Begin PBXShellScriptBuildPhase section */
		7A4BCE7E0F6C3B3AC5CB3B9C /* [CP] Embed Pods Frameworks */ = {
			isa = PBXShellScriptBuildPhase;
			buildActionMask = 2147483647;
			files = (
			);
			inputFileListPaths = (
				"${PODS_ROOT}/Target Support Files/Pods-MVVMRXSwift/Pods-MVVMRXSwift-frameworks-${CONFIGURATION}-input-files.xcfilelist",
			);
			name = "[CP] Embed Pods Frameworks";
			outputFileListPaths = (
				"${PODS_ROOT}/Target Support Files/Pods-MVVMRXSwift/Pods-MVVMRXSwift-frameworks-${CONFIGURATION}-output-files.xcfilelist",
			);
			runOnlyForDeploymentPostprocessing = 0;
			shellPath = /bin/sh;
			shellScript = "\"${PODS_ROOT}/Target Support Files/Pods-MVVMRXSwift/Pods-MVVMRXSwift-frameworks.sh\"\n";
			showEnvVarsInLog = 0;
		};
		7DC2417D7221F8AAA27B981D /* [CP] Check Pods Manifest.lock */ = {
			isa = PBXShellScriptBuildPhase;
			buildActionMask = 2147483647;
			files = (
			);
			inputFileListPaths = (
			);
			inputPaths = (
				"${PODS_PODFILE_DIR_PATH}/Podfile.lock",
				"${PODS_ROOT}/Manifest.lock",
			);
			name = "[CP] Check Pods Manifest.lock";
			outputFileListPaths = (
			);
			outputPaths = (
				"$(DERIVED_FILE_DIR)/Pods-MVVMRXSwift-checkManifestLockResult.txt",
			);
			runOnlyForDeploymentPostprocessing = 0;
			shellPath = /bin/sh;
			shellScript = "diff \"${PODS_PODFILE_DIR_PATH}/Podfile.lock\" \"${PODS_ROOT}/Manifest.lock\" > /dev/null\nif [ $? != 0 ] ; then\n    # print error to STDERR\n    echo \"error: The sandbox is not in sync with the Podfile.lock. Run 'pod install' or update your CocoaPods installation.\" >&2\n    exit 1\nfi\n# This output is used by Xcode 'outputs' to avoid re-running this script phase.\necho \"SUCCESS\" > \"${SCRIPT_OUTPUT_FILE_0}\"\n";
			showEnvVarsInLog = 0;
		};
		BC27CB67482F5D6E2DFDD73B /* [CP] Embed Pods Frameworks */ = {
			isa = PBXShellScriptBuildPhase;
			buildActionMask = 2147483647;
			files = (
			);
			inputFileListPaths = (
				"${PODS_ROOT}/Target Support Files/Pods-MVVMRXSwiftTests/Pods-MVVMRXSwiftTests-frameworks-${CONFIGURATION}-input-files.xcfilelist",
			);
			name = "[CP] Embed Pods Frameworks";
			outputFileListPaths = (
				"${PODS_ROOT}/Target Support Files/Pods-MVVMRXSwiftTests/Pods-MVVMRXSwiftTests-frameworks-${CONFIGURATION}-output-files.xcfilelist",
			);
			runOnlyForDeploymentPostprocessing = 0;
			shellPath = /bin/sh;
			shellScript = "\"${PODS_ROOT}/Target Support Files/Pods-MVVMRXSwiftTests/Pods-MVVMRXSwiftTests-frameworks.sh\"\n";
			showEnvVarsInLog = 0;
		};
		C11A93E6B8CCB99C25E3164E /* [CP] Check Pods Manifest.lock */ = {
			isa = PBXShellScriptBuildPhase;
			buildActionMask = 2147483647;
			files = (
			);
			inputFileListPaths = (
			);
			inputPaths = (
				"${PODS_PODFILE_DIR_PATH}/Podfile.lock",
				"${PODS_ROOT}/Manifest.lock",
			);
			name = "[CP] Check Pods Manifest.lock";
			outputFileListPaths = (
			);
			outputPaths = (
				"$(DERIVED_FILE_DIR)/Pods-MVVMRXSwiftTests-checkManifestLockResult.txt",
			);
			runOnlyForDeploymentPostprocessing = 0;
			shellPath = /bin/sh;
			shellScript = "diff \"${PODS_PODFILE_DIR_PATH}/Podfile.lock\" \"${PODS_ROOT}/Manifest.lock\" > /dev/null\nif [ $? != 0 ] ; then\n    # print error to STDERR\n    echo \"error: The sandbox is not in sync with the Podfile.lock. Run 'pod install' or update your CocoaPods installation.\" >&2\n    exit 1\nfi\n# This output is used by Xcode 'outputs' to avoid re-running this script phase.\necho \"SUCCESS\" > \"${SCRIPT_OUTPUT_FILE_0}\"\n";
			showEnvVarsInLog = 0;
		};
/* End PBXShellScriptBuildPhase section */

/* Begin PBXSourcesBuildPhase section */
		652619C7239E3E2200CC9FC1 /* Sources */ = {
			isa = PBXSourcesBuildPhase;
			buildActionMask = 2147483647;
			files = (
				652619F7239E40B200CC9FC1 /* CarListModel.swift in Sources */,
				652619D3239E3E2200CC9FC1 /* CarListView.swift in Sources */,
				652619CF239E3E2200CC9FC1 /* AppDelegate.swift in Sources */,
				65261A09239E43C600CC9FC1 /* Constants.swift in Sources */,
				65261A0B23A39F8200CC9FC1 /* CarListCell.swift in Sources */,
				652619FD239E414D00CC9FC1 /* CarMapViewModel.swift in Sources */,
				65261A1123A3F9A000CC9FC1 /* RxExtensions.swift in Sources */,
				65261A1323A4EE1B00CC9FC1 /* SceneDelegate.swift in Sources */,
				65261A1523A6BAB000CC9FC1 /* CarMapModel.swift in Sources */,
				65261A01239E418B00CC9FC1 /* APIServices.swift in Sources */,
				652619FB239E413C00CC9FC1 /* CarMapView.swift in Sources */,
				652619F5239E409C00CC9FC1 /* CarListViewModel.swift in Sources */,
				65261A0D23A3EF4200CC9FC1 /* Enums.swift in Sources */,
				65261A1723A6C9F000CC9FC1 /* Extensions.swift in Sources */,
			);
			runOnlyForDeploymentPostprocessing = 0;
		};
		652619DD239E3E2700CC9FC1 /* Sources */ = {
			isa = PBXSourcesBuildPhase;
			buildActionMask = 2147483647;
			files = (
				65261A1F23A77D5C00CC9FC1 /* CarMapViewModelTest.swift in Sources */,
				65261A1923A76F0F00CC9FC1 /* CarListViewModelTest.swift in Sources */,
			);
			runOnlyForDeploymentPostprocessing = 0;
		};
/* End PBXSourcesBuildPhase section */

/* Begin PBXTargetDependency section */
		652619E3239E3E2700CC9FC1 /* PBXTargetDependency */ = {
			isa = PBXTargetDependency;
			target = 652619CA239E3E2200CC9FC1 /* MVVMRXSwift */;
			targetProxy = 652619E2239E3E2700CC9FC1 /* PBXContainerItemProxy */;
		};
/* End PBXTargetDependency section */

/* Begin PBXVariantGroup section */
		652619D4239E3E2200CC9FC1 /* Main.storyboard */ = {
			isa = PBXVariantGroup;
			children = (
				652619D5239E3E2200CC9FC1 /* Base */,
			);
			name = Main.storyboard;
			sourceTree = "<group>";
		};
		652619D9239E3E2700CC9FC1 /* LaunchScreen.storyboard */ = {
			isa = PBXVariantGroup;
			children = (
				652619DA239E3E2700CC9FC1 /* Base */,
			);
			name = LaunchScreen.storyboard;
			sourceTree = "<group>";
		};
/* End PBXVariantGroup section */

/* Begin XCBuildConfiguration section */
		652619E8239E3E2700CC9FC1 /* Debug */ = {
			isa = XCBuildConfiguration;
			buildSettings = {
				ALWAYS_SEARCH_USER_PATHS = NO;
				CLANG_ANALYZER_NONNULL = YES;
				CLANG_ANALYZER_NUMBER_OBJECT_CONVERSION = YES_AGGRESSIVE;
				CLANG_CXX_LANGUAGE_STANDARD = "gnu++14";
				CLANG_CXX_LIBRARY = "libc++";
				CLANG_ENABLE_MODULES = YES;
				CLANG_ENABLE_OBJC_ARC = YES;
				CLANG_ENABLE_OBJC_WEAK = YES;
				CLANG_WARN_BLOCK_CAPTURE_AUTORELEASING = YES;
				CLANG_WARN_BOOL_CONVERSION = YES;
				CLANG_WARN_COMMA = YES;
				CLANG_WARN_CONSTANT_CONVERSION = YES;
				CLANG_WARN_DEPRECATED_OBJC_IMPLEMENTATIONS = YES;
				CLANG_WARN_DIRECT_OBJC_ISA_USAGE = YES_ERROR;
				CLANG_WARN_DOCUMENTATION_COMMENTS = YES;
				CLANG_WARN_EMPTY_BODY = YES;
				CLANG_WARN_ENUM_CONVERSION = YES;
				CLANG_WARN_INFINITE_RECURSION = YES;
				CLANG_WARN_INT_CONVERSION = YES;
				CLANG_WARN_NON_LITERAL_NULL_CONVERSION = YES;
				CLANG_WARN_OBJC_IMPLICIT_RETAIN_SELF = YES;
				CLANG_WARN_OBJC_LITERAL_CONVERSION = YES;
				CLANG_WARN_OBJC_ROOT_CLASS = YES_ERROR;
				CLANG_WARN_RANGE_LOOP_ANALYSIS = YES;
				CLANG_WARN_STRICT_PROTOTYPES = YES;
				CLANG_WARN_SUSPICIOUS_MOVE = YES;
				CLANG_WARN_UNGUARDED_AVAILABILITY = YES_AGGRESSIVE;
				CLANG_WARN_UNREACHABLE_CODE = YES;
				CLANG_WARN__DUPLICATE_METHOD_MATCH = YES;
				COPY_PHASE_STRIP = NO;
				DEBUG_INFORMATION_FORMAT = dwarf;
				ENABLE_STRICT_OBJC_MSGSEND = YES;
				ENABLE_TESTABILITY = YES;
				GCC_C_LANGUAGE_STANDARD = gnu11;
				GCC_DYNAMIC_NO_PIC = NO;
				GCC_NO_COMMON_BLOCKS = YES;
				GCC_OPTIMIZATION_LEVEL = 0;
				GCC_PREPROCESSOR_DEFINITIONS = (
					"DEBUG=1",
					"$(inherited)",
				);
				GCC_WARN_64_TO_32_BIT_CONVERSION = YES;
				GCC_WARN_ABOUT_RETURN_TYPE = YES_ERROR;
				GCC_WARN_UNDECLARED_SELECTOR = YES;
				GCC_WARN_UNINITIALIZED_AUTOS = YES_AGGRESSIVE;
				GCC_WARN_UNUSED_FUNCTION = YES;
				GCC_WARN_UNUSED_VARIABLE = YES;
				IPHONEOS_DEPLOYMENT_TARGET = 13.0;
				MTL_ENABLE_DEBUG_INFO = INCLUDE_SOURCE;
				MTL_FAST_MATH = YES;
				ONLY_ACTIVE_ARCH = YES;
				SDKROOT = iphoneos;
				SWIFT_ACTIVE_COMPILATION_CONDITIONS = DEBUG;
				SWIFT_OPTIMIZATION_LEVEL = "-Onone";
			};
			name = Debug;
		};
		652619E9239E3E2700CC9FC1 /* Release */ = {
			isa = XCBuildConfiguration;
			buildSettings = {
				ALWAYS_SEARCH_USER_PATHS = NO;
				CLANG_ANALYZER_NONNULL = YES;
				CLANG_ANALYZER_NUMBER_OBJECT_CONVERSION = YES_AGGRESSIVE;
				CLANG_CXX_LANGUAGE_STANDARD = "gnu++14";
				CLANG_CXX_LIBRARY = "libc++";
				CLANG_ENABLE_MODULES = YES;
				CLANG_ENABLE_OBJC_ARC = YES;
				CLANG_ENABLE_OBJC_WEAK = YES;
				CLANG_WARN_BLOCK_CAPTURE_AUTORELEASING = YES;
				CLANG_WARN_BOOL_CONVERSION = YES;
				CLANG_WARN_COMMA = YES;
				CLANG_WARN_CONSTANT_CONVERSION = YES;
				CLANG_WARN_DEPRECATED_OBJC_IMPLEMENTATIONS = YES;
				CLANG_WARN_DIRECT_OBJC_ISA_USAGE = YES_ERROR;
				CLANG_WARN_DOCUMENTATION_COMMENTS = YES;
				CLANG_WARN_EMPTY_BODY = YES;
				CLANG_WARN_ENUM_CONVERSION = YES;
				CLANG_WARN_INFINITE_RECURSION = YES;
				CLANG_WARN_INT_CONVERSION = YES;
				CLANG_WARN_NON_LITERAL_NULL_CONVERSION = YES;
				CLANG_WARN_OBJC_IMPLICIT_RETAIN_SELF = YES;
				CLANG_WARN_OBJC_LITERAL_CONVERSION = YES;
				CLANG_WARN_OBJC_ROOT_CLASS = YES_ERROR;
				CLANG_WARN_RANGE_LOOP_ANALYSIS = YES;
				CLANG_WARN_STRICT_PROTOTYPES = YES;
				CLANG_WARN_SUSPICIOUS_MOVE = YES;
				CLANG_WARN_UNGUARDED_AVAILABILITY = YES_AGGRESSIVE;
				CLANG_WARN_UNREACHABLE_CODE = YES;
				CLANG_WARN__DUPLICATE_METHOD_MATCH = YES;
				COPY_PHASE_STRIP = NO;
				DEBUG_INFORMATION_FORMAT = "dwarf-with-dsym";
				ENABLE_NS_ASSERTIONS = NO;
				ENABLE_STRICT_OBJC_MSGSEND = YES;
				GCC_C_LANGUAGE_STANDARD = gnu11;
				GCC_NO_COMMON_BLOCKS = YES;
				GCC_WARN_64_TO_32_BIT_CONVERSION = YES;
				GCC_WARN_ABOUT_RETURN_TYPE = YES_ERROR;
				GCC_WARN_UNDECLARED_SELECTOR = YES;
				GCC_WARN_UNINITIALIZED_AUTOS = YES_AGGRESSIVE;
				GCC_WARN_UNUSED_FUNCTION = YES;
				GCC_WARN_UNUSED_VARIABLE = YES;
				IPHONEOS_DEPLOYMENT_TARGET = 13.0;
				MTL_ENABLE_DEBUG_INFO = NO;
				MTL_FAST_MATH = YES;
				SDKROOT = iphoneos;
				SWIFT_COMPILATION_MODE = wholemodule;
				SWIFT_OPTIMIZATION_LEVEL = "-O";
				VALIDATE_PRODUCT = YES;
			};
			name = Release;
		};
		652619EB239E3E2700CC9FC1 /* Debug */ = {
			isa = XCBuildConfiguration;
			baseConfigurationReference = FFF0493102951C1ECB2191E0 /* Pods-MVVMRXSwift.debug.xcconfig */;
			buildSettings = {
				ASSETCATALOG_COMPILER_APPICON_NAME = AppIcon;
				CODE_SIGN_STYLE = Automatic;
				INFOPLIST_FILE = MVVMRXSwift/Info.plist;
				LD_RUNPATH_SEARCH_PATHS = (
					"$(inherited)",
					"@executable_path/Frameworks",
				);
				PRODUCT_BUNDLE_IDENTIFIER = com.wunder.MVVMRXSwift;
				PRODUCT_NAME = MVVMRXSwift;
				SWIFT_VERSION = 5.0;
				TARGETED_DEVICE_FAMILY = "1,2";
			};
			name = Debug;
		};
		652619EC239E3E2700CC9FC1 /* Release */ = {
			isa = XCBuildConfiguration;
			baseConfigurationReference = FC364DAC02C2500B83ACB31A /* Pods-MVVMRXSwift.release.xcconfig */;
			buildSettings = {
				ASSETCATALOG_COMPILER_APPICON_NAME = AppIcon;
				CODE_SIGN_STYLE = Automatic;
				INFOPLIST_FILE = MVVMRXSwift/Info.plist;
				LD_RUNPATH_SEARCH_PATHS = (
					"$(inherited)",
					"@executable_path/Frameworks",
				);
				PRODUCT_BUNDLE_IDENTIFIER = com.wunder.MVVMRXSwift;
				PRODUCT_NAME = MVVMRXSwift;
				SWIFT_VERSION = 5.0;
				TARGETED_DEVICE_FAMILY = "1,2";
			};
			name = Release;
		};
		652619EE239E3E2700CC9FC1 /* Debug */ = {
			isa = XCBuildConfiguration;
			baseConfigurationReference = 5A307C310E8AD35F39ED56D4 /* Pods-MVVMRXSwiftTests.debug.xcconfig */;
			buildSettings = {
				ALWAYS_EMBED_SWIFT_STANDARD_LIBRARIES = YES;
				BUNDLE_LOADER = "$(TEST_HOST)";
				CODE_SIGN_STYLE = Automatic;
				INFOPLIST_FILE = MVVMRXSwiftTests/Info.plist;
				IPHONEOS_DEPLOYMENT_TARGET = 13.0;
				LD_RUNPATH_SEARCH_PATHS = (
					"$(inherited)",
					"@executable_path/Frameworks",
					"@loader_path/Frameworks",
				);
				PRODUCT_BUNDLE_IDENTIFIER = com.wunder.MVVMRXSwiftTests;
				PRODUCT_NAME = "$(TARGET_NAME)";
				SWIFT_VERSION = 5.0;
				TARGETED_DEVICE_FAMILY = "1,2";
				TEST_HOST = "$(BUILT_PRODUCTS_DIR)/MVVMRXSwift.app/MVVMRXSwift";
			};
			name = Debug;
		};
		652619EF239E3E2700CC9FC1 /* Release */ = {
			isa = XCBuildConfiguration;
			baseConfigurationReference = DD2EE1505066B3BAAC4487B9 /* Pods-MVVMRXSwiftTests.release.xcconfig */;
			buildSettings = {
				ALWAYS_EMBED_SWIFT_STANDARD_LIBRARIES = YES;
				BUNDLE_LOADER = "$(TEST_HOST)";
				CODE_SIGN_STYLE = Automatic;
				INFOPLIST_FILE = MVVMRXSwiftTests/Info.plist;
				IPHONEOS_DEPLOYMENT_TARGET = 13.0;
				LD_RUNPATH_SEARCH_PATHS = (
					"$(inherited)",
					"@executable_path/Frameworks",
					"@loader_path/Frameworks",
				);
				PRODUCT_BUNDLE_IDENTIFIER = com.wunder.MVVMRXSwiftTests;
				PRODUCT_NAME = "$(TARGET_NAME)";
				SWIFT_VERSION = 5.0;
				TARGETED_DEVICE_FAMILY = "1,2";
				TEST_HOST = "$(BUILT_PRODUCTS_DIR)/MVVMRXSwift.app/MVVMRXSwift";
			};
			name = Release;
		};
/* End XCBuildConfiguration section */

/* Begin XCConfigurationList section */
		652619C6239E3E2200CC9FC1 /* Build configuration list for PBXProject "MVVMRXSwift" */ = {
			isa = XCConfigurationList;
			buildConfigurations = (
				652619E8239E3E2700CC9FC1 /* Debug */,
				652619E9239E3E2700CC9FC1 /* Release */,
			);
			defaultConfigurationIsVisible = 0;
			defaultConfigurationName = Release;
		};
		652619EA239E3E2700CC9FC1 /* Build configuration list for PBXNativeTarget "MVVMRXSwift" */ = {
			isa = XCConfigurationList;
			buildConfigurations = (
				652619EB239E3E2700CC9FC1 /* Debug */,
				652619EC239E3E2700CC9FC1 /* Release */,
			);
			defaultConfigurationIsVisible = 0;
			defaultConfigurationName = Release;
		};
		652619ED239E3E2700CC9FC1 /* Build configuration list for PBXNativeTarget "MVVMRXSwiftTests" */ = {
			isa = XCConfigurationList;
			buildConfigurations = (
				652619EE239E3E2700CC9FC1 /* Debug */,
				652619EF239E3E2700CC9FC1 /* Release */,
			);
			defaultConfigurationIsVisible = 0;
			defaultConfigurationName = Release;
		};
/* End XCConfigurationList section */
	};
	rootObject = 652619C3239E3E2200CC9FC1 /* Project object */;
}
